// !$*UTF8*$!
{
	archiveVersion = 1;
	classes = {
	};
	objectVersion = 56;
	objects = {

/* Begin PBXBuildFile section */
		0A3908B829CAFF6E0073ACE0 /* LeaderboardView.swift in Sources */ = {isa = PBXBuildFile; fileRef = 0A3908B729CAFF6E0073ACE0 /* LeaderboardView.swift */; };
		0A3908BB29CB0B640073ACE0 /* Friend.swift in Sources */ = {isa = PBXBuildFile; fileRef = 0A3908BA29CB0B640073ACE0 /* Friend.swift */; };
		0A3908BD29CB47D20073ACE0 /* Question.swift in Sources */ = {isa = PBXBuildFile; fileRef = 0A3908BC29CB47D20073ACE0 /* Question.swift */; };
		0A3908BF29CB651A0073ACE0 /* QuestionText.swift in Sources */ = {isa = PBXBuildFile; fileRef = 0A3908BE29CB651A0073ACE0 /* QuestionText.swift */; };
		0A4C49FA29CF6D9800204644 /* Answer.swift in Sources */ = {isa = PBXBuildFile; fileRef = 0A4C49F929CF6D9800204644 /* Answer.swift */; };
		0AABD71729CE11AB00D819BB /* TimeBar.swift in Sources */ = {isa = PBXBuildFile; fileRef = 0AABD71629CE11AB00D819BB /* TimeBar.swift */; };
		0AABD71929CE343800D819BB /* GameControls.swift in Sources */ = {isa = PBXBuildFile; fileRef = 0AABD71829CE343800D819BB /* GameControls.swift */; };
		0AB9CAEF29C929D300871B2B /* LoginView.swift in Sources */ = {isa = PBXBuildFile; fileRef = 0AB9CAEE29C929D200871B2B /* LoginView.swift */; };
		0ABA735829BC987A00DC0A4C /* colors.xcassets in Resources */ = {isa = PBXBuildFile; fileRef = 0ABA735729BC987A00DC0A4C /* colors.xcassets */; };
		0ABF2A9229BCCE5B0097B7FA /* SettingsView.swift in Sources */ = {isa = PBXBuildFile; fileRef = 0ABF2A9129BCCE5B0097B7FA /* SettingsView.swift */; };
		0AD17C4D2950AC3B003FEE73 /* SpotifyMusicQuizApp.swift in Sources */ = {isa = PBXBuildFile; fileRef = 0AD17C4C2950AC3B003FEE73 /* SpotifyMusicQuizApp.swift */; };
		0AD17C4F2950AC3B003FEE73 /* HomeView.swift in Sources */ = {isa = PBXBuildFile; fileRef = 0AD17C4E2950AC3B003FEE73 /* HomeView.swift */; };
		0AD17C512950AC3E003FEE73 /* Assets.xcassets in Resources */ = {isa = PBXBuildFile; fileRef = 0AD17C502950AC3E003FEE73 /* Assets.xcassets */; };
		0AD17C542950AC3E003FEE73 /* Preview Assets.xcassets in Resources */ = {isa = PBXBuildFile; fileRef = 0AD17C532950AC3E003FEE73 /* Preview Assets.xcassets */; };
		0AD17C5E2950AC40003FEE73 /* spotify_music_quiz_mida_2022Tests.swift in Sources */ = {isa = PBXBuildFile; fileRef = 0AD17C5D2950AC40003FEE73 /* spotify_music_quiz_mida_2022Tests.swift */; };
		0AD17C682950AC41003FEE73 /* spotify_music_quiz_mida_2022UITests.swift in Sources */ = {isa = PBXBuildFile; fileRef = 0AD17C672950AC41003FEE73 /* spotify_music_quiz_mida_2022UITests.swift */; };
		0AD17C6A2950AC41003FEE73 /* spotify_music_quiz_mida_2022UITestsLaunchTests.swift in Sources */ = {isa = PBXBuildFile; fileRef = 0AD17C692950AC41003FEE73 /* spotify_music_quiz_mida_2022UITestsLaunchTests.swift */; };
		0AD8DC9329BA06FA009EE067 /* Gotham-Black.otf in Resources */ = {isa = PBXBuildFile; fileRef = 0AD8DC8929BA048F009EE067 /* Gotham-Black.otf */; };
		0AD8DC9429BA06FD009EE067 /* Gotham-Bold.otf in Resources */ = {isa = PBXBuildFile; fileRef = 0AD8DC8129BA048E009EE067 /* Gotham-Bold.otf */; };
		0AD8DC9529BA06FF009EE067 /* Gotham-BookItalic.otf in Resources */ = {isa = PBXBuildFile; fileRef = 0AD8DC9029BA0491009EE067 /* Gotham-BookItalic.otf */; };
		0AD8DC9629BA0704009EE067 /* Gotham-UltraItalic.otf in Resources */ = {isa = PBXBuildFile; fileRef = 0AD8DC8729BA048F009EE067 /* Gotham-UltraItalic.otf */; };
		0AD8DC9729BA0704009EE067 /* Gotham-Thin.otf in Resources */ = {isa = PBXBuildFile; fileRef = 0AD8DC8D29BA0490009EE067 /* Gotham-Thin.otf */; };
		0AD8DC9829BA0704009EE067 /* Gotham-XLight.otf in Resources */ = {isa = PBXBuildFile; fileRef = 0AD8DC8629BA048F009EE067 /* Gotham-XLight.otf */; };
		0AD8DC9929BA0704009EE067 /* Gotham-XLightItalic.otf in Resources */ = {isa = PBXBuildFile; fileRef = 0AD8DC8F29BA0491009EE067 /* Gotham-XLightItalic.otf */; };
		0AD8DC9A29BA0704009EE067 /* Gotham-Light.otf in Resources */ = {isa = PBXBuildFile; fileRef = 0AD8DC8229BA048E009EE067 /* Gotham-Light.otf */; };
		0AD8DC9B29BA0704009EE067 /* Gotham-ThinItalic.otf in Resources */ = {isa = PBXBuildFile; fileRef = 0AD8DC8829BA048F009EE067 /* Gotham-ThinItalic.otf */; };
		0AD8DCA029BB9CA7009EE067 /* Images.xcassets in Resources */ = {isa = PBXBuildFile; fileRef = 0AD8DC9F29BB9CA7009EE067 /* Images.xcassets */; };
		0AD8DCA229BB9CC1009EE067 /* TextStyle.swift in Sources */ = {isa = PBXBuildFile; fileRef = 0AD8DCA129BB9CC1009EE067 /* TextStyle.swift */; };
		0AD99A2A29C4E885000EAF39 /* GameView.swift in Sources */ = {isa = PBXBuildFile; fileRef = 0AD99A2929C4E885000EAF39 /* GameView.swift */; };
/* End PBXBuildFile section */

/* Begin PBXContainerItemProxy section */
		0AD17C5A2950AC40003FEE73 /* PBXContainerItemProxy */ = {
			isa = PBXContainerItemProxy;
			containerPortal = 0AD17C412950AC3B003FEE73 /* Project object */;
			proxyType = 1;
			remoteGlobalIDString = 0AD17C482950AC3B003FEE73;
			remoteInfo = "spotify-music-quiz-mida-2022";
		};
		0AD17C642950AC41003FEE73 /* PBXContainerItemProxy */ = {
			isa = PBXContainerItemProxy;
			containerPortal = 0AD17C412950AC3B003FEE73 /* Project object */;
			proxyType = 1;
			remoteGlobalIDString = 0AD17C482950AC3B003FEE73;
			remoteInfo = "spotify-music-quiz-mida-2022";
		};
/* End PBXContainerItemProxy section */

/* Begin PBXFileReference section */
		0A3908B729CAFF6E0073ACE0 /* LeaderboardView.swift */ = {isa = PBXFileReference; lastKnownFileType = sourcecode.swift; path = LeaderboardView.swift; sourceTree = "<group>"; };
		0A3908BA29CB0B640073ACE0 /* Friend.swift */ = {isa = PBXFileReference; lastKnownFileType = sourcecode.swift; path = Friend.swift; sourceTree = "<group>"; };
		0A3908BC29CB47D20073ACE0 /* Question.swift */ = {isa = PBXFileReference; lastKnownFileType = sourcecode.swift; path = Question.swift; sourceTree = "<group>"; };
		0A3908BE29CB651A0073ACE0 /* QuestionText.swift */ = {isa = PBXFileReference; lastKnownFileType = sourcecode.swift; path = QuestionText.swift; sourceTree = "<group>"; };
		0A4C49F929CF6D9800204644 /* Answer.swift */ = {isa = PBXFileReference; fileEncoding = 4; lastKnownFileType = sourcecode.swift; path = Answer.swift; sourceTree = "<group>"; };
		0AABD71629CE11AB00D819BB /* TimeBar.swift */ = {isa = PBXFileReference; lastKnownFileType = sourcecode.swift; path = TimeBar.swift; sourceTree = "<group>"; };
		0AABD71829CE343800D819BB /* GameControls.swift */ = {isa = PBXFileReference; lastKnownFileType = sourcecode.swift; path = GameControls.swift; sourceTree = "<group>"; };
		0AB9CAEE29C929D200871B2B /* LoginView.swift */ = {isa = PBXFileReference; fileEncoding = 4; lastKnownFileType = sourcecode.swift; path = LoginView.swift; sourceTree = "<group>"; };
		0ABA735729BC987A00DC0A4C /* colors.xcassets */ = {isa = PBXFileReference; lastKnownFileType = folder.assetcatalog; path = colors.xcassets; sourceTree = "<group>"; };
		0ABF2A9129BCCE5B0097B7FA /* SettingsView.swift */ = {isa = PBXFileReference; lastKnownFileType = sourcecode.swift; path = SettingsView.swift; sourceTree = "<group>"; };
		0AD17C492950AC3B003FEE73 /* spotify-music-quiz-mida-2022.app */ = {isa = PBXFileReference; explicitFileType = wrapper.application; includeInIndex = 0; path = "spotify-music-quiz-mida-2022.app"; sourceTree = BUILT_PRODUCTS_DIR; };
		0AD17C4C2950AC3B003FEE73 /* SpotifyMusicQuizApp.swift */ = {isa = PBXFileReference; lastKnownFileType = sourcecode.swift; path = SpotifyMusicQuizApp.swift; sourceTree = "<group>"; };
		0AD17C4E2950AC3B003FEE73 /* HomeView.swift */ = {isa = PBXFileReference; lastKnownFileType = sourcecode.swift; path = HomeView.swift; sourceTree = "<group>"; };
		0AD17C502950AC3E003FEE73 /* Assets.xcassets */ = {isa = PBXFileReference; lastKnownFileType = folder.assetcatalog; path = Assets.xcassets; sourceTree = "<group>"; };
		0AD17C532950AC3E003FEE73 /* Preview Assets.xcassets */ = {isa = PBXFileReference; lastKnownFileType = folder.assetcatalog; path = "Preview Assets.xcassets"; sourceTree = "<group>"; };
		0AD17C592950AC40003FEE73 /* spotify-music-quiz-mida-2022Tests.xctest */ = {isa = PBXFileReference; explicitFileType = wrapper.cfbundle; includeInIndex = 0; path = "spotify-music-quiz-mida-2022Tests.xctest"; sourceTree = BUILT_PRODUCTS_DIR; };
		0AD17C5D2950AC40003FEE73 /* spotify_music_quiz_mida_2022Tests.swift */ = {isa = PBXFileReference; lastKnownFileType = sourcecode.swift; path = spotify_music_quiz_mida_2022Tests.swift; sourceTree = "<group>"; };
		0AD17C632950AC41003FEE73 /* spotify-music-quiz-mida-2022UITests.xctest */ = {isa = PBXFileReference; explicitFileType = wrapper.cfbundle; includeInIndex = 0; path = "spotify-music-quiz-mida-2022UITests.xctest"; sourceTree = BUILT_PRODUCTS_DIR; };
		0AD17C672950AC41003FEE73 /* spotify_music_quiz_mida_2022UITests.swift */ = {isa = PBXFileReference; lastKnownFileType = sourcecode.swift; path = spotify_music_quiz_mida_2022UITests.swift; sourceTree = "<group>"; };
		0AD17C692950AC41003FEE73 /* spotify_music_quiz_mida_2022UITestsLaunchTests.swift */ = {isa = PBXFileReference; lastKnownFileType = sourcecode.swift; path = spotify_music_quiz_mida_2022UITestsLaunchTests.swift; sourceTree = "<group>"; };
		0AD8DC8129BA048E009EE067 /* Gotham-Bold.otf */ = {isa = PBXFileReference; lastKnownFileType = file; path = "Gotham-Bold.otf"; sourceTree = "<group>"; };
		0AD8DC8229BA048E009EE067 /* Gotham-Light.otf */ = {isa = PBXFileReference; lastKnownFileType = file; path = "Gotham-Light.otf"; sourceTree = "<group>"; };
		0AD8DC8629BA048F009EE067 /* Gotham-XLight.otf */ = {isa = PBXFileReference; lastKnownFileType = file; path = "Gotham-XLight.otf"; sourceTree = "<group>"; };
		0AD8DC8729BA048F009EE067 /* Gotham-UltraItalic.otf */ = {isa = PBXFileReference; lastKnownFileType = file; path = "Gotham-UltraItalic.otf"; sourceTree = "<group>"; };
		0AD8DC8829BA048F009EE067 /* Gotham-ThinItalic.otf */ = {isa = PBXFileReference; lastKnownFileType = file; path = "Gotham-ThinItalic.otf"; sourceTree = "<group>"; };
		0AD8DC8929BA048F009EE067 /* Gotham-Black.otf */ = {isa = PBXFileReference; lastKnownFileType = file; path = "Gotham-Black.otf"; sourceTree = "<group>"; };
		0AD8DC8D29BA0490009EE067 /* Gotham-Thin.otf */ = {isa = PBXFileReference; lastKnownFileType = file; path = "Gotham-Thin.otf"; sourceTree = "<group>"; };
		0AD8DC8F29BA0491009EE067 /* Gotham-XLightItalic.otf */ = {isa = PBXFileReference; lastKnownFileType = file; path = "Gotham-XLightItalic.otf"; sourceTree = "<group>"; };
		0AD8DC9029BA0491009EE067 /* Gotham-BookItalic.otf */ = {isa = PBXFileReference; lastKnownFileType = file; path = "Gotham-BookItalic.otf"; sourceTree = "<group>"; };
		0AD8DC9C29BA2AEB009EE067 /* Info.plist */ = {isa = PBXFileReference; lastKnownFileType = text.plist.xml; path = Info.plist; sourceTree = "<group>"; };
		0AD8DC9F29BB9CA7009EE067 /* Images.xcassets */ = {isa = PBXFileReference; lastKnownFileType = folder.assetcatalog; path = Images.xcassets; sourceTree = "<group>"; };
		0AD8DCA129BB9CC1009EE067 /* TextStyle.swift */ = {isa = PBXFileReference; lastKnownFileType = sourcecode.swift; path = TextStyle.swift; sourceTree = "<group>"; };
		0AD99A2929C4E885000EAF39 /* GameView.swift */ = {isa = PBXFileReference; lastKnownFileType = sourcecode.swift; path = GameView.swift; sourceTree = "<group>"; };
/* End PBXFileReference section */

/* Begin PBXFrameworksBuildPhase section */
		0AD17C462950AC3B003FEE73 /* Frameworks */ = {
			isa = PBXFrameworksBuildPhase;
			buildActionMask = 2147483647;
			files = (
			);
			runOnlyForDeploymentPostprocessing = 0;
		};
		0AD17C562950AC40003FEE73 /* Frameworks */ = {
			isa = PBXFrameworksBuildPhase;
			buildActionMask = 2147483647;
			files = (
			);
			runOnlyForDeploymentPostprocessing = 0;
		};
		0AD17C602950AC41003FEE73 /* Frameworks */ = {
			isa = PBXFrameworksBuildPhase;
			buildActionMask = 2147483647;
			files = (
			);
			runOnlyForDeploymentPostprocessing = 0;
		};
/* End PBXFrameworksBuildPhase section */

/* Begin PBXGroup section */
		0A3908B929CB09480073ACE0 /* Models */ = {
			isa = PBXGroup;
			children = (
				0A3908BA29CB0B640073ACE0 /* Friend.swift */,
				0A3908BC29CB47D20073ACE0 /* Question.swift */,
			);
			path = Models;
			sourceTree = "<group>";
		};
		0AD17C402950AC3B003FEE73 = {
			isa = PBXGroup;
			children = (
				0AD17C4B2950AC3B003FEE73 /* spotify-music-quiz-mida-2022 */,
				0AD17C5C2950AC40003FEE73 /* spotify-music-quiz-mida-2022Tests */,
				0AD17C662950AC41003FEE73 /* spotify-music-quiz-mida-2022UITests */,
				0AD17C4A2950AC3B003FEE73 /* Products */,
			);
			sourceTree = "<group>";
		};
		0AD17C4A2950AC3B003FEE73 /* Products */ = {
			isa = PBXGroup;
			children = (
				0AD17C492950AC3B003FEE73 /* spotify-music-quiz-mida-2022.app */,
				0AD17C592950AC40003FEE73 /* spotify-music-quiz-mida-2022Tests.xctest */,
				0AD17C632950AC41003FEE73 /* spotify-music-quiz-mida-2022UITests.xctest */,
			);
			name = Products;
			sourceTree = "<group>";
		};
		0AD17C4B2950AC3B003FEE73 /* spotify-music-quiz-mida-2022 */ = {
			isa = PBXGroup;
			children = (
				0AD8DC9C29BA2AEB009EE067 /* Info.plist */,
				0A3908B929CB09480073ACE0 /* Models */,
				0AD17C502950AC3E003FEE73 /* Assets.xcassets */,
				0AD8DC9E29BB9C45009EE067 /* Style */,
				0AD8DC6D29BA037E009EE067 /* Resources */,
				0AD8DC6C29B9F572009EE067 /* Application */,
				0AD8DC6B29B9F55D009EE067 /* UI */,
				0AD17C522950AC3E003FEE73 /* Preview Content */,
			);
			path = "spotify-music-quiz-mida-2022";
			sourceTree = "<group>";
		};
		0AD17C522950AC3E003FEE73 /* Preview Content */ = {
			isa = PBXGroup;
			children = (
				0AD17C532950AC3E003FEE73 /* Preview Assets.xcassets */,
			);
			path = "Preview Content";
			sourceTree = "<group>";
		};
		0AD17C5C2950AC40003FEE73 /* spotify-music-quiz-mida-2022Tests */ = {
			isa = PBXGroup;
			children = (
				0AD17C5D2950AC40003FEE73 /* spotify_music_quiz_mida_2022Tests.swift */,
			);
			path = "spotify-music-quiz-mida-2022Tests";
			sourceTree = "<group>";
		};
		0AD17C662950AC41003FEE73 /* spotify-music-quiz-mida-2022UITests */ = {
			isa = PBXGroup;
			children = (
				0AD17C672950AC41003FEE73 /* spotify_music_quiz_mida_2022UITests.swift */,
				0AD17C692950AC41003FEE73 /* spotify_music_quiz_mida_2022UITestsLaunchTests.swift */,
			);
			path = "spotify-music-quiz-mida-2022UITests";
			sourceTree = "<group>";
		};
		0AD8DC6B29B9F55D009EE067 /* UI */ = {
			isa = PBXGroup;
			children = (
				0A4C49F929CF6D9800204644 /* Answer.swift */,
				0AB9CAEE29C929D200871B2B /* LoginView.swift */,
				0AD17C4E2950AC3B003FEE73 /* HomeView.swift */,
				0ABF2A9129BCCE5B0097B7FA /* SettingsView.swift */,
				0AD99A2929C4E885000EAF39 /* GameView.swift */,
				0A3908B729CAFF6E0073ACE0 /* LeaderboardView.swift */,
				0A3908BE29CB651A0073ACE0 /* QuestionText.swift */,
				0AABD71629CE11AB00D819BB /* TimeBar.swift */,
				0AABD71829CE343800D819BB /* GameControls.swift */,
			);
			path = UI;
			sourceTree = "<group>";
		};
		0AD8DC6C29B9F572009EE067 /* Application */ = {
			isa = PBXGroup;
			children = (
				0AD17C4C2950AC3B003FEE73 /* SpotifyMusicQuizApp.swift */,
			);
			path = Application;
			sourceTree = "<group>";
		};
		0AD8DC6D29BA037E009EE067 /* Resources */ = {
			isa = PBXGroup;
			children = (
				0AD8DC6E29BA03E2009EE067 /* Fonts */,
			);
			path = Resources;
			sourceTree = "<group>";
		};
		0AD8DC6E29BA03E2009EE067 /* Fonts */ = {
			isa = PBXGroup;
			children = (
				0AD8DC8929BA048F009EE067 /* Gotham-Black.otf */,
				0AD8DC8129BA048E009EE067 /* Gotham-Bold.otf */,
				0AD8DC9029BA0491009EE067 /* Gotham-BookItalic.otf */,
				0AD8DC8229BA048E009EE067 /* Gotham-Light.otf */,
				0AD8DC8D29BA0490009EE067 /* Gotham-Thin.otf */,
				0AD8DC8829BA048F009EE067 /* Gotham-ThinItalic.otf */,
				0AD8DC8729BA048F009EE067 /* Gotham-UltraItalic.otf */,
				0AD8DC8629BA048F009EE067 /* Gotham-XLight.otf */,
				0AD8DC8F29BA0491009EE067 /* Gotham-XLightItalic.otf */,
			);
			path = Fonts;
			sourceTree = "<group>";
		};
		0AD8DC9E29BB9C45009EE067 /* Style */ = {
			isa = PBXGroup;
			children = (
				0AD8DC9F29BB9CA7009EE067 /* Images.xcassets */,
				0ABA735729BC987A00DC0A4C /* colors.xcassets */,
				0AD8DCA129BB9CC1009EE067 /* TextStyle.swift */,
			);
			path = Style;
			sourceTree = "<group>";
		};
/* End PBXGroup section */

/* Begin PBXNativeTarget section */
		0AD17C482950AC3B003FEE73 /* spotify-music-quiz-mida-2022 */ = {
			isa = PBXNativeTarget;
			buildConfigurationList = 0AD17C6D2950AC41003FEE73 /* Build configuration list for PBXNativeTarget "spotify-music-quiz-mida-2022" */;
			buildPhases = (
				0AD17C452950AC3B003FEE73 /* Sources */,
				0AD17C462950AC3B003FEE73 /* Frameworks */,
				0AD17C472950AC3B003FEE73 /* Resources */,
			);
			buildRules = (
			);
			dependencies = (
			);
			name = "spotify-music-quiz-mida-2022";
			productName = "spotify-music-quiz-mida-2022";
			productReference = 0AD17C492950AC3B003FEE73 /* spotify-music-quiz-mida-2022.app */;
			productType = "com.apple.product-type.application";
		};
		0AD17C582950AC40003FEE73 /* spotify-music-quiz-mida-2022Tests */ = {
			isa = PBXNativeTarget;
			buildConfigurationList = 0AD17C702950AC41003FEE73 /* Build configuration list for PBXNativeTarget "spotify-music-quiz-mida-2022Tests" */;
			buildPhases = (
				0AD17C552950AC40003FEE73 /* Sources */,
				0AD17C562950AC40003FEE73 /* Frameworks */,
				0AD17C572950AC40003FEE73 /* Resources */,
			);
			buildRules = (
			);
			dependencies = (
				0AD17C5B2950AC40003FEE73 /* PBXTargetDependency */,
			);
			name = "spotify-music-quiz-mida-2022Tests";
			productName = "spotify-music-quiz-mida-2022Tests";
			productReference = 0AD17C592950AC40003FEE73 /* spotify-music-quiz-mida-2022Tests.xctest */;
			productType = "com.apple.product-type.bundle.unit-test";
		};
		0AD17C622950AC41003FEE73 /* spotify-music-quiz-mida-2022UITests */ = {
			isa = PBXNativeTarget;
			buildConfigurationList = 0AD17C732950AC41003FEE73 /* Build configuration list for PBXNativeTarget "spotify-music-quiz-mida-2022UITests" */;
			buildPhases = (
				0AD17C5F2950AC41003FEE73 /* Sources */,
				0AD17C602950AC41003FEE73 /* Frameworks */,
				0AD17C612950AC41003FEE73 /* Resources */,
			);
			buildRules = (
			);
			dependencies = (
				0AD17C652950AC41003FEE73 /* PBXTargetDependency */,
			);
			name = "spotify-music-quiz-mida-2022UITests";
			productName = "spotify-music-quiz-mida-2022UITests";
			productReference = 0AD17C632950AC41003FEE73 /* spotify-music-quiz-mida-2022UITests.xctest */;
			productType = "com.apple.product-type.bundle.ui-testing";
		};
/* End PBXNativeTarget section */

/* Begin PBXProject section */
		0AD17C412950AC3B003FEE73 /* Project object */ = {
			isa = PBXProject;
			attributes = {
				BuildIndependentTargetsInParallel = 1;
				LastSwiftUpdateCheck = 1410;
				LastUpgradeCheck = 1410;
				TargetAttributes = {
					0AD17C482950AC3B003FEE73 = {
						CreatedOnToolsVersion = 14.1;
					};
					0AD17C582950AC40003FEE73 = {
						CreatedOnToolsVersion = 14.1;
						TestTargetID = 0AD17C482950AC3B003FEE73;
					};
					0AD17C622950AC41003FEE73 = {
						CreatedOnToolsVersion = 14.1;
						TestTargetID = 0AD17C482950AC3B003FEE73;
					};
				};
			};
			buildConfigurationList = 0AD17C442950AC3B003FEE73 /* Build configuration list for PBXProject "spotify-music-quiz-mida-2022" */;
			compatibilityVersion = "Xcode 14.0";
			developmentRegion = en;
			hasScannedForEncodings = 0;
			knownRegions = (
				en,
				Base,
			);
			mainGroup = 0AD17C402950AC3B003FEE73;
			productRefGroup = 0AD17C4A2950AC3B003FEE73 /* Products */;
			projectDirPath = "";
			projectRoot = "";
			targets = (
				0AD17C482950AC3B003FEE73 /* spotify-music-quiz-mida-2022 */,
				0AD17C582950AC40003FEE73 /* spotify-music-quiz-mida-2022Tests */,
				0AD17C622950AC41003FEE73 /* spotify-music-quiz-mida-2022UITests */,
			);
		};
/* End PBXProject section */

/* Begin PBXResourcesBuildPhase section */
		0AD17C472950AC3B003FEE73 /* Resources */ = {
			isa = PBXResourcesBuildPhase;
			buildActionMask = 2147483647;
			files = (
				0AD8DC9629BA0704009EE067 /* Gotham-UltraItalic.otf in Resources */,
				0ABA735829BC987A00DC0A4C /* colors.xcassets in Resources */,
				0AD8DC9729BA0704009EE067 /* Gotham-Thin.otf in Resources */,
				0AD8DC9529BA06FF009EE067 /* Gotham-BookItalic.otf in Resources */,
				0AD8DC9429BA06FD009EE067 /* Gotham-Bold.otf in Resources */,
				0AD8DC9A29BA0704009EE067 /* Gotham-Light.otf in Resources */,
				0AD17C542950AC3E003FEE73 /* Preview Assets.xcassets in Resources */,
				0AD8DC9929BA0704009EE067 /* Gotham-XLightItalic.otf in Resources */,
				0AD8DC9B29BA0704009EE067 /* Gotham-ThinItalic.otf in Resources */,
				0AD8DC9829BA0704009EE067 /* Gotham-XLight.otf in Resources */,
				0AD8DCA029BB9CA7009EE067 /* Images.xcassets in Resources */,
				0AD8DC9329BA06FA009EE067 /* Gotham-Black.otf in Resources */,
				0AD17C512950AC3E003FEE73 /* Assets.xcassets in Resources */,
			);
			runOnlyForDeploymentPostprocessing = 0;
		};
		0AD17C572950AC40003FEE73 /* Resources */ = {
			isa = PBXResourcesBuildPhase;
			buildActionMask = 2147483647;
			files = (
			);
			runOnlyForDeploymentPostprocessing = 0;
		};
		0AD17C612950AC41003FEE73 /* Resources */ = {
			isa = PBXResourcesBuildPhase;
			buildActionMask = 2147483647;
			files = (
			);
			runOnlyForDeploymentPostprocessing = 0;
		};
/* End PBXResourcesBuildPhase section */

/* Begin PBXSourcesBuildPhase section */
		0AD17C452950AC3B003FEE73 /* Sources */ = {
			isa = PBXSourcesBuildPhase;
			buildActionMask = 2147483647;
			files = (
				0AABD71729CE11AB00D819BB /* TimeBar.swift in Sources */,
				0A3908BF29CB651A0073ACE0 /* QuestionText.swift in Sources */,
				0AB9CAEF29C929D300871B2B /* LoginView.swift in Sources */,
				0A4C49FA29CF6D9800204644 /* Answer.swift in Sources */,
				0AD8DCA229BB9CC1009EE067 /* TextStyle.swift in Sources */,
				0ABF2A9229BCCE5B0097B7FA /* SettingsView.swift in Sources */,
				0A3908BD29CB47D20073ACE0 /* Question.swift in Sources */,
				0AABD71929CE343800D819BB /* GameControls.swift in Sources */,
				0A3908B829CAFF6E0073ACE0 /* LeaderboardView.swift in Sources */,
				0AD17C4F2950AC3B003FEE73 /* HomeView.swift in Sources */,
				0AD17C4D2950AC3B003FEE73 /* SpotifyMusicQuizApp.swift in Sources */,
				0AD99A2A29C4E885000EAF39 /* GameView.swift in Sources */,
				0A3908BB29CB0B640073ACE0 /* Friend.swift in Sources */,
			);
			runOnlyForDeploymentPostprocessing = 0;
		};
		0AD17C552950AC40003FEE73 /* Sources */ = {
			isa = PBXSourcesBuildPhase;
			buildActionMask = 2147483647;
			files = (
				0AD17C5E2950AC40003FEE73 /* spotify_music_quiz_mida_2022Tests.swift in Sources */,
			);
			runOnlyForDeploymentPostprocessing = 0;
		};
		0AD17C5F2950AC41003FEE73 /* Sources */ = {
			isa = PBXSourcesBuildPhase;
			buildActionMask = 2147483647;
			files = (
				0AD17C682950AC41003FEE73 /* spotify_music_quiz_mida_2022UITests.swift in Sources */,
				0AD17C6A2950AC41003FEE73 /* spotify_music_quiz_mida_2022UITestsLaunchTests.swift in Sources */,
			);
			runOnlyForDeploymentPostprocessing = 0;
		};
/* End PBXSourcesBuildPhase section */

/* Begin PBXTargetDependency section */
		0AD17C5B2950AC40003FEE73 /* PBXTargetDependency */ = {
			isa = PBXTargetDependency;
			target = 0AD17C482950AC3B003FEE73 /* spotify-music-quiz-mida-2022 */;
			targetProxy = 0AD17C5A2950AC40003FEE73 /* PBXContainerItemProxy */;
		};
		0AD17C652950AC41003FEE73 /* PBXTargetDependency */ = {
			isa = PBXTargetDependency;
			target = 0AD17C482950AC3B003FEE73 /* spotify-music-quiz-mida-2022 */;
			targetProxy = 0AD17C642950AC41003FEE73 /* PBXContainerItemProxy */;
		};
/* End PBXTargetDependency section */

/* Begin XCBuildConfiguration section */
		0AD17C6B2950AC41003FEE73 /* Debug */ = {
			isa = XCBuildConfiguration;
			buildSettings = {
				ALWAYS_SEARCH_USER_PATHS = NO;
				CLANG_ANALYZER_NONNULL = YES;
				CLANG_ANALYZER_NUMBER_OBJECT_CONVERSION = YES_AGGRESSIVE;
				CLANG_CXX_LANGUAGE_STANDARD = "gnu++20";
				CLANG_ENABLE_MODULES = YES;
				CLANG_ENABLE_OBJC_ARC = YES;
				CLANG_ENABLE_OBJC_WEAK = YES;
				CLANG_WARN_BLOCK_CAPTURE_AUTORELEASING = YES;
				CLANG_WARN_BOOL_CONVERSION = YES;
				CLANG_WARN_COMMA = YES;
				CLANG_WARN_CONSTANT_CONVERSION = YES;
				CLANG_WARN_DEPRECATED_OBJC_IMPLEMENTATIONS = YES;
				CLANG_WARN_DIRECT_OBJC_ISA_USAGE = YES_ERROR;
				CLANG_WARN_DOCUMENTATION_COMMENTS = YES;
				CLANG_WARN_EMPTY_BODY = YES;
				CLANG_WARN_ENUM_CONVERSION = YES;
				CLANG_WARN_INFINITE_RECURSION = YES;
				CLANG_WARN_INT_CONVERSION = YES;
				CLANG_WARN_NON_LITERAL_NULL_CONVERSION = YES;
				CLANG_WARN_OBJC_IMPLICIT_RETAIN_SELF = YES;
				CLANG_WARN_OBJC_LITERAL_CONVERSION = YES;
				CLANG_WARN_OBJC_ROOT_CLASS = YES_ERROR;
				CLANG_WARN_QUOTED_INCLUDE_IN_FRAMEWORK_HEADER = YES;
				CLANG_WARN_RANGE_LOOP_ANALYSIS = YES;
				CLANG_WARN_STRICT_PROTOTYPES = YES;
				CLANG_WARN_SUSPICIOUS_MOVE = YES;
				CLANG_WARN_UNGUARDED_AVAILABILITY = YES_AGGRESSIVE;
				CLANG_WARN_UNREACHABLE_CODE = YES;
				CLANG_WARN__DUPLICATE_METHOD_MATCH = YES;
				COPY_PHASE_STRIP = NO;
				DEBUG_INFORMATION_FORMAT = dwarf;
				ENABLE_STRICT_OBJC_MSGSEND = YES;
				ENABLE_TESTABILITY = YES;
				GCC_C_LANGUAGE_STANDARD = gnu11;
				GCC_DYNAMIC_NO_PIC = NO;
				GCC_NO_COMMON_BLOCKS = YES;
				GCC_OPTIMIZATION_LEVEL = 0;
				GCC_PREPROCESSOR_DEFINITIONS = (
					"DEBUG=1",
					"$(inherited)",
				);
				GCC_WARN_64_TO_32_BIT_CONVERSION = YES;
				GCC_WARN_ABOUT_RETURN_TYPE = YES_ERROR;
				GCC_WARN_UNDECLARED_SELECTOR = YES;
				GCC_WARN_UNINITIALIZED_AUTOS = YES_AGGRESSIVE;
				GCC_WARN_UNUSED_FUNCTION = YES;
				GCC_WARN_UNUSED_VARIABLE = YES;
				IPHONEOS_DEPLOYMENT_TARGET = 16.1;
				MTL_ENABLE_DEBUG_INFO = INCLUDE_SOURCE;
				MTL_FAST_MATH = YES;
				ONLY_ACTIVE_ARCH = YES;
				SDKROOT = iphoneos;
				SWIFT_ACTIVE_COMPILATION_CONDITIONS = DEBUG;
				SWIFT_OPTIMIZATION_LEVEL = "-Onone";
			};
			name = Debug;
		};
		0AD17C6C2950AC41003FEE73 /* Release */ = {
			isa = XCBuildConfiguration;
			buildSettings = {
				ALWAYS_SEARCH_USER_PATHS = NO;
				CLANG_ANALYZER_NONNULL = YES;
				CLANG_ANALYZER_NUMBER_OBJECT_CONVERSION = YES_AGGRESSIVE;
				CLANG_CXX_LANGUAGE_STANDARD = "gnu++20";
				CLANG_ENABLE_MODULES = YES;
				CLANG_ENABLE_OBJC_ARC = YES;
				CLANG_ENABLE_OBJC_WEAK = YES;
				CLANG_WARN_BLOCK_CAPTURE_AUTORELEASING = YES;
				CLANG_WARN_BOOL_CONVERSION = YES;
				CLANG_WARN_COMMA = YES;
				CLANG_WARN_CONSTANT_CONVERSION = YES;
				CLANG_WARN_DEPRECATED_OBJC_IMPLEMENTATIONS = YES;
				CLANG_WARN_DIRECT_OBJC_ISA_USAGE = YES_ERROR;
				CLANG_WARN_DOCUMENTATION_COMMENTS = YES;
				CLANG_WARN_EMPTY_BODY = YES;
				CLANG_WARN_ENUM_CONVERSION = YES;
				CLANG_WARN_INFINITE_RECURSION = YES;
				CLANG_WARN_INT_CONVERSION = YES;
				CLANG_WARN_NON_LITERAL_NULL_CONVERSION = YES;
				CLANG_WARN_OBJC_IMPLICIT_RETAIN_SELF = YES;
				CLANG_WARN_OBJC_LITERAL_CONVERSION = YES;
				CLANG_WARN_OBJC_ROOT_CLASS = YES_ERROR;
				CLANG_WARN_QUOTED_INCLUDE_IN_FRAMEWORK_HEADER = YES;
				CLANG_WARN_RANGE_LOOP_ANALYSIS = YES;
				CLANG_WARN_STRICT_PROTOTYPES = YES;
				CLANG_WARN_SUSPICIOUS_MOVE = YES;
				CLANG_WARN_UNGUARDED_AVAILABILITY = YES_AGGRESSIVE;
				CLANG_WARN_UNREACHABLE_CODE = YES;
				CLANG_WARN__DUPLICATE_METHOD_MATCH = YES;
				COPY_PHASE_STRIP = NO;
				DEBUG_INFORMATION_FORMAT = "dwarf-with-dsym";
				ENABLE_NS_ASSERTIONS = NO;
				ENABLE_STRICT_OBJC_MSGSEND = YES;
				GCC_C_LANGUAGE_STANDARD = gnu11;
				GCC_NO_COMMON_BLOCKS = YES;
				GCC_WARN_64_TO_32_BIT_CONVERSION = YES;
				GCC_WARN_ABOUT_RETURN_TYPE = YES_ERROR;
				GCC_WARN_UNDECLARED_SELECTOR = YES;
				GCC_WARN_UNINITIALIZED_AUTOS = YES_AGGRESSIVE;
				GCC_WARN_UNUSED_FUNCTION = YES;
				GCC_WARN_UNUSED_VARIABLE = YES;
				IPHONEOS_DEPLOYMENT_TARGET = 16.1;
				MTL_ENABLE_DEBUG_INFO = NO;
				MTL_FAST_MATH = YES;
				SDKROOT = iphoneos;
				SWIFT_COMPILATION_MODE = wholemodule;
				SWIFT_OPTIMIZATION_LEVEL = "-O";
				VALIDATE_PRODUCT = YES;
			};
			name = Release;
		};
		0AD17C6E2950AC41003FEE73 /* Debug */ = {
			isa = XCBuildConfiguration;
			buildSettings = {
				ASSETCATALOG_COMPILER_APPICON_NAME = AppIcon;
				ASSETCATALOG_COMPILER_GLOBAL_ACCENT_COLOR_NAME = AccentColor;
				CODE_SIGN_IDENTITY = "Apple Development";
				CODE_SIGN_STYLE = Automatic;
				CURRENT_PROJECT_VERSION = 1;
				DEVELOPMENT_ASSET_PATHS = "\"spotify-music-quiz-mida-2022/Preview Content\"";
				DEVELOPMENT_TEAM = KQZX4895TL;
				ENABLE_PREVIEWS = YES;
				GENERATE_INFOPLIST_FILE = YES;
				INFOPLIST_FILE = "spotify-music-quiz-mida-2022/Info.plist";
				INFOPLIST_KEY_LSApplicationCategoryType = "public.app-category.trivia-games";
				INFOPLIST_KEY_UIApplicationSceneManifest_Generation = YES;
				INFOPLIST_KEY_UIApplicationSupportsIndirectInputEvents = YES;
				INFOPLIST_KEY_UILaunchScreen_Generation = YES;
				INFOPLIST_KEY_UIStatusBarStyle = "";
				INFOPLIST_KEY_UISupportedInterfaceOrientations_iPad = "UIInterfaceOrientationPortrait UIInterfaceOrientationPortraitUpsideDown UIInterfaceOrientationLandscapeLeft UIInterfaceOrientationLandscapeRight";
				INFOPLIST_KEY_UISupportedInterfaceOrientations_iPhone = "UIInterfaceOrientationPortrait UIInterfaceOrientationLandscapeLeft UIInterfaceOrientationLandscapeRight";
				IPHONEOS_DEPLOYMENT_TARGET = 15.0;
				LD_RUNPATH_SEARCH_PATHS = (
					"$(inherited)",
					"@executable_path/Frameworks",
				);
				MARKETING_VERSION = 1.0;
				PRODUCT_BUNDLE_IDENTIFIER = "Prova.spotify-music-quiz-mida-2022";
				PRODUCT_NAME = "$(TARGET_NAME)";
				PROVISIONING_PROFILE_SPECIFIER = "";
				SWIFT_EMIT_LOC_STRINGS = YES;
				SWIFT_VERSION = 5.0;
				TARGETED_DEVICE_FAMILY = "1,2";
			};
			name = Debug;
		};
		0AD17C6F2950AC41003FEE73 /* Release */ = {
			isa = XCBuildConfiguration;
			buildSettings = {
				ASSETCATALOG_COMPILER_APPICON_NAME = AppIcon;
				ASSETCATALOG_COMPILER_GLOBAL_ACCENT_COLOR_NAME = AccentColor;
				CODE_SIGN_IDENTITY = "Apple Development";
				CODE_SIGN_STYLE = Automatic;
				CURRENT_PROJECT_VERSION = 1;
				DEVELOPMENT_ASSET_PATHS = "\"spotify-music-quiz-mida-2022/Preview Content\"";
				DEVELOPMENT_TEAM = KQZX4895TL;
				ENABLE_PREVIEWS = YES;
				GENERATE_INFOPLIST_FILE = YES;
				INFOPLIST_FILE = "spotify-music-quiz-mida-2022/Info.plist";
				INFOPLIST_KEY_LSApplicationCategoryType = "public.app-category.trivia-games";
				INFOPLIST_KEY_UIApplicationSceneManifest_Generation = YES;
				INFOPLIST_KEY_UIApplicationSupportsIndirectInputEvents = YES;
				INFOPLIST_KEY_UILaunchScreen_Generation = YES;
				INFOPLIST_KEY_UIStatusBarStyle = "";
				INFOPLIST_KEY_UISupportedInterfaceOrientations_iPad = "UIInterfaceOrientationPortrait UIInterfaceOrientationPortraitUpsideDown UIInterfaceOrientationLandscapeLeft UIInterfaceOrientationLandscapeRight";
				INFOPLIST_KEY_UISupportedInterfaceOrientations_iPhone = "UIInterfaceOrientationPortrait UIInterfaceOrientationLandscapeLeft UIInterfaceOrientationLandscapeRight";
				IPHONEOS_DEPLOYMENT_TARGET = 15.0;
				LD_RUNPATH_SEARCH_PATHS = (
					"$(inherited)",
					"@executable_path/Frameworks",
				);
				MARKETING_VERSION = 1.0;
				PRODUCT_BUNDLE_IDENTIFIER = "Prova.spotify-music-quiz-mida-2022";
				PRODUCT_NAME = "$(TARGET_NAME)";
				PROVISIONING_PROFILE_SPECIFIER = "";
				SWIFT_EMIT_LOC_STRINGS = YES;
				SWIFT_VERSION = 5.0;
				TARGETED_DEVICE_FAMILY = "1,2";
			};
			name = Release;
		};
		0AD17C712950AC41003FEE73 /* Debug */ = {
			isa = XCBuildConfiguration;
			buildSettings = {
				ALWAYS_EMBED_SWIFT_STANDARD_LIBRARIES = YES;
				BUNDLE_LOADER = "$(TEST_HOST)";
				CODE_SIGN_STYLE = Automatic;
				CURRENT_PROJECT_VERSION = 1;
				GENERATE_INFOPLIST_FILE = YES;
				IPHONEOS_DEPLOYMENT_TARGET = 16.1;
				MARKETING_VERSION = 1.0;
				PRODUCT_BUNDLE_IDENTIFIER = "Prova.spotify-music-quiz-mida-2022Tests";
				PRODUCT_NAME = "$(TARGET_NAME)";
				SWIFT_EMIT_LOC_STRINGS = NO;
				SWIFT_VERSION = 5.0;
				TARGETED_DEVICE_FAMILY = "1,2";
				TEST_HOST = "$(BUILT_PRODUCTS_DIR)/spotify-music-quiz-mida-2022.app/$(BUNDLE_EXECUTABLE_FOLDER_PATH)/spotify-music-quiz-mida-2022";
			};
			name = Debug;
		};
		0AD17C722950AC41003FEE73 /* Release */ = {
			isa = XCBuildConfiguration;
			buildSettings = {
				ALWAYS_EMBED_SWIFT_STANDARD_LIBRARIES = YES;
				BUNDLE_LOADER = "$(TEST_HOST)";
				CODE_SIGN_STYLE = Automatic;
				CURRENT_PROJECT_VERSION = 1;
				GENERATE_INFOPLIST_FILE = YES;
				IPHONEOS_DEPLOYMENT_TARGET = 16.1;
				MARKETING_VERSION = 1.0;
				PRODUCT_BUNDLE_IDENTIFIER = "Prova.spotify-music-quiz-mida-2022Tests";
				PRODUCT_NAME = "$(TARGET_NAME)";
				SWIFT_EMIT_LOC_STRINGS = NO;
				SWIFT_VERSION = 5.0;
				TARGETED_DEVICE_FAMILY = "1,2";
				TEST_HOST = "$(BUILT_PRODUCTS_DIR)/spotify-music-quiz-mida-2022.app/$(BUNDLE_EXECUTABLE_FOLDER_PATH)/spotify-music-quiz-mida-2022";
			};
			name = Release;
		};
		0AD17C742950AC41003FEE73 /* Debug */ = {
			isa = XCBuildConfiguration;
			buildSettings = {
				ALWAYS_EMBED_SWIFT_STANDARD_LIBRARIES = YES;
				CODE_SIGN_STYLE = Automatic;
				CURRENT_PROJECT_VERSION = 1;
				GENERATE_INFOPLIST_FILE = YES;
				MARKETING_VERSION = 1.0;
				PRODUCT_BUNDLE_IDENTIFIER = "Prova.spotify-music-quiz-mida-2022UITests";
				PRODUCT_NAME = "$(TARGET_NAME)";
				SWIFT_EMIT_LOC_STRINGS = NO;
				SWIFT_VERSION = 5.0;
				TARGETED_DEVICE_FAMILY = "1,2";
				TEST_TARGET_NAME = "spotify-music-quiz-mida-2022";
			};
			name = Debug;
		};
		0AD17C752950AC41003FEE73 /* Release */ = {
			isa = XCBuildConfiguration;
			buildSettings = {
				ALWAYS_EMBED_SWIFT_STANDARD_LIBRARIES = YES;
				CODE_SIGN_STYLE = Automatic;
				CURRENT_PROJECT_VERSION = 1;
				GENERATE_INFOPLIST_FILE = YES;
				MARKETING_VERSION = 1.0;
				PRODUCT_BUNDLE_IDENTIFIER = "Prova.spotify-music-quiz-mida-2022UITests";
				PRODUCT_NAME = "$(TARGET_NAME)";
				SWIFT_EMIT_LOC_STRINGS = NO;
				SWIFT_VERSION = 5.0;
				TARGETED_DEVICE_FAMILY = "1,2";
				TEST_TARGET_NAME = "spotify-music-quiz-mida-2022";
			};
			name = Release;
		};
/* End XCBuildConfiguration section */

/* Begin XCConfigurationList section */
		0AD17C442950AC3B003FEE73 /* Build configuration list for PBXProject "spotify-music-quiz-mida-2022" */ = {
			isa = XCConfigurationList;
			buildConfigurations = (
				0AD17C6B2950AC41003FEE73 /* Debug */,
				0AD17C6C2950AC41003FEE73 /* Release */,
			);
			defaultConfigurationIsVisible = 0;
			defaultConfigurationName = Release;
		};
		0AD17C6D2950AC41003FEE73 /* Build configuration list for PBXNativeTarget "spotify-music-quiz-mida-2022" */ = {
			isa = XCConfigurationList;
			buildConfigurations = (
				0AD17C6E2950AC41003FEE73 /* Debug */,
				0AD17C6F2950AC41003FEE73 /* Release */,
			);
			defaultConfigurationIsVisible = 0;
			defaultConfigurationName = Release;
		};
		0AD17C702950AC41003FEE73 /* Build configuration list for PBXNativeTarget "spotify-music-quiz-mida-2022Tests" */ = {
			isa = XCConfigurationList;
			buildConfigurations = (
				0AD17C712950AC41003FEE73 /* Debug */,
				0AD17C722950AC41003FEE73 /* Release */,
			);
			defaultConfigurationIsVisible = 0;
			defaultConfigurationName = Release;
		};
		0AD17C732950AC41003FEE73 /* Build configuration list for PBXNativeTarget "spotify-music-quiz-mida-2022UITests" */ = {
			isa = XCConfigurationList;
			buildConfigurations = (
				0AD17C742950AC41003FEE73 /* Debug */,
				0AD17C752950AC41003FEE73 /* Release */,
			);
			defaultConfigurationIsVisible = 0;
			defaultConfigurationName = Release;
		};
/* End XCConfigurationList section */
	};
	rootObject = 0AD17C412950AC3B003FEE73 /* Project object */;
}
